
Microsoft Visual Studio Solution File, Format Version 12.00
# Visual Studio 14
VisualStudioVersion = 14.0.24720.0
MinimumVisualStudioVersion = 10.0.40219.1
Project("{FAE04EC0-301F-11D3-BF4B-00C04F79EFBC}") = "DataAccessLayer", "DataAccessLayer\DataAccessLayer.csproj", "{4470665C-D437-401F-828B-40ADF6BC77EE}"
EndProject
Project("{FAE04EC0-301F-11D3-BF4B-00C04F79EFBC}") = "BusinessLayer", "BusinessLayer\BusinessLayer.csproj", "{0BD43167-3463-489B-8721-8C1C37053A92}"
EndProject
Global
	GlobalSection(SolutionConfigurationPlatforms) = preSolution
		Debug|Any CPU = Debug|Any CPU
		Release|Any CPU = Release|Any CPU
	EndGlobalSection
	GlobalSection(ProjectConfigurationPlatforms) = postSolution
		{4470665C-D437-401F-828B-40ADF6BC77EE}.Debug|Any CPU.ActiveCfg = Debug|Any CPU
		{4470665C-D437-401F-828B-40ADF6BC77EE}.Debug|Any CPU.Build.0 = Debug|Any CPU
		{4470665C-D437-401F-828B-40ADF6BC77EE}.Release|Any CPU.ActiveCfg = Release|Any CPU
		{4470665C-D437-401F-828B-40ADF6BC77EE}.Release|Any CPU.Build.0 = Release|Any CPU
		{0BD43167-3463-489B-8721-8C1C37053A92}.Debug|Any CPU.ActiveCfg = Debug|Any CPU
		{0BD43167-3463-489B-8721-8C1C37053A92}.Debug|Any CPU.Build.0 = Debug|Any CPU
		{0BD43167-3463-489B-8721-8C1C37053A92}.Release|Any CPU.ActiveCfg = Release|Any CPU
		{0BD43167-3463-489B-8721-8C1C37053A92}.Release|Any CPU.Build.0 = Release|Any CPU
	EndGlobalSection
	GlobalSection(SolutionProperties) = preSolution
		HideSolutionNode = FALSE
	EndGlobalSection
EndGlobal
